
Microsoft Visual Studio Solution File, Format Version 12.00
# Visual Studio Version 16
VisualStudioVersion = 16.0.31424.327
MinimumVisualStudioVersion = 10.0.40219.1
Project("{9A19103F-16F7-4668-BE54-9A1E7A4F7556}") = "EFCoreDemo.UI", "EFDemo\EFCoreDemo.UI.csproj", "{0BED7317-4972-4DB8-8A8D-62C0051683F4}"
EndProject
Project("{FAE04EC0-301F-11D3-BF4B-00C04F79EFBC}") = "EFCoreDemo.Model", "EFDemo.Model\EFCoreDemo.Model.csproj", "{7FC66A0D-10BF-4A4F-BF49-0C75576D0004}"
EndProject
Project("{FAE04EC0-301F-11D3-BF4B-00C04F79EFBC}") = "EFCoreDemo.Database", "EFCoreDemo.Database\EFCoreDemo.Database.csproj", "{35078427-384C-4A7D-9491-5443D5166C68}"
EndProject
Global
	GlobalSection(SolutionConfigurationPlatforms) = preSolution
		Debug|Any CPU = Debug|Any CPU
		Release|Any CPU = Release|Any CPU
	EndGlobalSection
	GlobalSection(ProjectConfigurationPlatforms) = postSolution
		{0BED7317-4972-4DB8-8A8D-62C0051683F4}.Debug|Any CPU.ActiveCfg = Debug|Any CPU
		{0BED7317-4972-4DB8-8A8D-62C0051683F4}.Debug|Any CPU.Build.0 = Debug|Any CPU
		{0BED7317-4972-4DB8-8A8D-62C0051683F4}.Release|Any CPU.ActiveCfg = Release|Any CPU
		{0BED7317-4972-4DB8-8A8D-62C0051683F4}.Release|Any CPU.Build.0 = Release|Any CPU
		{7FC66A0D-10BF-4A4F-BF49-0C75576D0004}.Debug|Any CPU.ActiveCfg = Debug|Any CPU
		{7FC66A0D-10BF-4A4F-BF49-0C75576D0004}.Debug|Any CPU.Build.0 = Debug|Any CPU
		{7FC66A0D-10BF-4A4F-BF49-0C75576D0004}.Release|Any CPU.ActiveCfg = Release|Any CPU
		{7FC66A0D-10BF-4A4F-BF49-0C75576D0004}.Release|Any CPU.Build.0 = Release|Any CPU
		{35078427-384C-4A7D-9491-5443D5166C68}.Debug|Any CPU.ActiveCfg = Debug|Any CPU
		{35078427-384C-4A7D-9491-5443D5166C68}.Debug|Any CPU.Build.0 = Debug|Any CPU
		{35078427-384C-4A7D-9491-5443D5166C68}.Release|Any CPU.ActiveCfg = Release|Any CPU
		{35078427-384C-4A7D-9491-5443D5166C68}.Release|Any CPU.Build.0 = Release|Any CPU
	EndGlobalSection
	GlobalSection(SolutionProperties) = preSolution
		HideSolutionNode = FALSE
	EndGlobalSection
	GlobalSection(ExtensibilityGlobals) = postSolution
		SolutionGuid = {F6173210-2C37-4578-A4CB-253D8C641FDF}
	EndGlobalSection
EndGlobal
